
Microsoft Visual Studio Solution File, Format Version 12.00
# Visual Studio Version 17
VisualStudioVersion = 17.12.35506.116 d17.12
MinimumVisualStudioVersion = 10.0.40219.1
Project("{FAE04EC0-301F-11D3-BF4B-00C04F79EFBC}") = "WindowsXamlAppTemplate.WPF", "WindowsXamlAppTemplate.WPF\WindowsXamlAppTemplate.WPF.csproj", "{22E160C5-8C50-4A6B-BBEE-6F872AFB1B72}"
EndProject
Project("{FAE04EC0-301F-11D3-BF4B-00C04F79EFBC}") = "WindowsXamlAppTemplate.WinUI", "WindowsXamlAppTemplate.WinUI\WindowsXamlAppTemplate.WinUI.csproj", "{46A6E95B-DD44-4466-9943-590ABE97D794}"
EndProject
Global
	GlobalSection(SolutionConfigurationPlatforms) = preSolution
		Debug|Any CPU = Debug|Any CPU
		Release|Any CPU = Release|Any CPU
	EndGlobalSection
	GlobalSection(ProjectConfigurationPlatforms) = postSolution
		{22E160C5-8C50-4A6B-BBEE-6F872AFB1B72}.Debug|Any CPU.ActiveCfg = Debug|Any CPU
		{22E160C5-8C50-4A6B-BBEE-6F872AFB1B72}.Debug|Any CPU.Build.0 = Debug|Any CPU
		{22E160C5-8C50-4A6B-BBEE-6F872AFB1B72}.Release|Any CPU.ActiveCfg = Release|Any CPU
		{22E160C5-8C50-4A6B-BBEE-6F872AFB1B72}.Release|Any CPU.Build.0 = Release|Any CPU
		{46A6E95B-DD44-4466-9943-590ABE97D794}.Debug|Any CPU.ActiveCfg = Debug|x64
		{46A6E95B-DD44-4466-9943-590ABE97D794}.Debug|Any CPU.Build.0 = Debug|x64
		{46A6E95B-DD44-4466-9943-590ABE97D794}.Debug|Any CPU.Deploy.0 = Debug|x64
		{46A6E95B-DD44-4466-9943-590ABE97D794}.Release|Any CPU.ActiveCfg = Release|x64
		{46A6E95B-DD44-4466-9943-590ABE97D794}.Release|Any CPU.Build.0 = Release|x64
		{46A6E95B-DD44-4466-9943-590ABE97D794}.Release|Any CPU.Deploy.0 = Release|x64
	EndGlobalSection
	GlobalSection(SolutionProperties) = preSolution
		HideSolutionNode = FALSE
	EndGlobalSection
EndGlobal
